<?xml version="1.0" encoding="UTF-8"?>
<!DOCTYPE plist PUBLIC "-//Apple//DTD PLIST 1.0//EN" "http://www.apple.com/DTDs/PropertyList-1.0.dtd">
<plist version="1.0">
<dict>
	<key>archiveVersion</key>
	<string>1</string>
	<key>classes</key>
	<dict/>
	<key>objectVersion</key>
	<string>46</string>
	<key>objects</key>
	<dict>
		<key>45FBC0B9F8A6451BAFD8C6A2</key>
		<dict>
			<key>fileRef</key>
			<string>F68ED5621BD34740BE91411B</string>
			<key>isa</key>
			<string>PBXBuildFile</string>
		</dict>
		<key>6850A415108FF33E62D457B3</key>
		<dict>
			<key>includeInIndex</key>
			<string>1</string>
			<key>isa</key>
			<string>PBXFileReference</string>
			<key>lastKnownFileType</key>
			<string>text.xcconfig</string>
			<key>name</key>
			<string>Pods-ToDoList.debug.xcconfig</string>
			<key>path</key>
			<string>Pods/Target Support Files/Pods-ToDoList/Pods-ToDoList.debug.xcconfig</string>
			<key>sourceTree</key>
			<string>&lt;group&gt;</string>
		</dict>
		<key>6C20578C357B4FDD8044A3D3</key>
		<dict>
			<key>buildActionMask</key>
			<string>2147483647</string>
			<key>files</key>
			<array/>
			<key>inputPaths</key>
			<array/>
			<key>isa</key>
			<string>PBXShellScriptBuildPhase</string>
			<key>name</key>
			<string>Check Pods Manifest.lock</string>
			<key>outputPaths</key>
			<array/>
			<key>runOnlyForDeploymentPostprocessing</key>
			<string>0</string>
			<key>shellPath</key>
			<string>/bin/sh</string>
			<key>shellScript</key>
			<string>diff "${PODS_ROOT}/../Podfile.lock" "${PODS_ROOT}/Manifest.lock" &gt; /dev/null
if [[ $? != 0 ]] ; then
    cat &lt;&lt; EOM
error: The sandbox is not in sync with the Podfile.lock. Run 'pod install' or update your CocoaPods installation.
EOM
    exit 1
fi
</string>
			<key>showEnvVarsInLog</key>
			<string>0</string>
		</dict>
		<key>A6669365813D0E4D931BAF3A</key>
		<dict>
			<key>children</key>
			<array>
				<string>6850A415108FF33E62D457B3</string>
				<string>D3FFCE470D7AA8EFBD2841AC</string>
			</array>
			<key>isa</key>
			<string>PBXGroup</string>
			<key>name</key>
			<string>Pods</string>
			<key>sourceTree</key>
			<string>&lt;group&gt;</string>
		</dict>
		<key>D10D9706655A4E848B9CB7CC</key>
		<dict>
			<key>buildActionMask</key>
			<string>2147483647</string>
			<key>files</key>
			<array/>
			<key>inputPaths</key>
			<array/>
			<key>isa</key>
			<string>PBXShellScriptBuildPhase</string>
			<key>name</key>
			<string>Copy Pods Resources</string>
			<key>outputPaths</key>
			<array/>
			<key>runOnlyForDeploymentPostprocessing</key>
			<string>0</string>
			<key>shellPath</key>
			<string>/bin/sh</string>
			<key>shellScript</key>
			<string>"${SRCROOT}/Pods/Target Support Files/Pods-ToDoList/Pods-ToDoList-resources.sh"
</string>
			<key>showEnvVarsInLog</key>
			<string>0</string>
		</dict>
		<key>D3FFCE470D7AA8EFBD2841AC</key>
		<dict>
			<key>includeInIndex</key>
			<string>1</string>
			<key>isa</key>
			<string>PBXFileReference</string>
			<key>lastKnownFileType</key>
			<string>text.xcconfig</string>
			<key>name</key>
			<string>Pods-ToDoList.release.xcconfig</string>
			<key>path</key>
			<string>Pods/Target Support Files/Pods-ToDoList/Pods-ToDoList.release.xcconfig</string>
			<key>sourceTree</key>
			<string>&lt;group&gt;</string>
		</dict>
		<key>F407B4A119CA63FB0075C3DC</key>
		<dict>
			<key>fileEncoding</key>
			<string>4</string>
			<key>isa</key>
			<string>PBXFileReference</string>
			<key>lastKnownFileType</key>
			<string>sourcecode.c.h</string>
			<key>path</key>
			<string>HMQuery.h</string>
			<key>sourceTree</key>
			<string>&lt;group&gt;</string>
		</dict>
		<key>F407B4A219CA63FB0075C3DC</key>
		<dict>
			<key>fileEncoding</key>
			<string>4</string>
			<key>isa</key>
			<string>PBXFileReference</string>
			<key>lastKnownFileType</key>
			<string>sourcecode.c.objc</string>
			<key>path</key>
			<string>HMQuery.m</string>
			<key>sourceTree</key>
			<string>&lt;group&gt;</string>
		</dict>
		<key>F407B4A319CA63FB0075C3DC</key>
		<dict>
			<key>fileRef</key>
			<string>F407B4A219CA63FB0075C3DC</string>
			<key>isa</key>
			<string>PBXBuildFile</string>
		</dict>
		<key>F407B4A719CA68820075C3DC</key>
		<dict>
			<key>fileEncoding</key>
			<string>4</string>
			<key>isa</key>
			<string>PBXFileReference</string>
			<key>lastKnownFileType</key>
			<string>sourcecode.c.h</string>
			<key>path</key>
			<string>HMAccount.h</string>
			<key>sourceTree</key>
			<string>&lt;group&gt;</string>
		</dict>
		<key>F407B4A819CA68830075C3DC</key>
		<dict>
			<key>fileEncoding</key>
			<string>4</string>
			<key>isa</key>
			<string>PBXFileReference</string>
			<key>lastKnownFileType</key>
			<string>sourcecode.c.objc</string>
			<key>path</key>
			<string>HMAccount.m</string>
			<key>sourceTree</key>
			<string>&lt;group&gt;</string>
		</dict>
		<key>F407B4A919CA68830075C3DC</key>
		<dict>
			<key>fileRef</key>
			<string>F407B4A819CA68830075C3DC</string>
			<key>isa</key>
			<string>PBXBuildFile</string>
		</dict>
		<key>F4177AC719C7C1CB0009667A</key>
		<dict>
			<key>children</key>
			<array>
				<string>F4293EE219FC580B00621685</string>
				<string>F4293EE319FC580B00621685</string>
				<string>F407B4A119CA63FB0075C3DC</string>
				<string>F407B4A219CA63FB0075C3DC</string>
				<string>F407B4A719CA68820075C3DC</string>
				<string>F407B4A819CA68830075C3DC</string>
				<string>F4177B0A19C7D3E90009667A</string>
				<string>F4177B0B19C7D3E90009667A</string>
				<string>F44F408A19CDF85A0061E4AB</string>
				<string>F44F408B19CDF85A0061E4AB</string>
				<string>F4177B0419C7D2F50009667A</string>
				<string>F4177B0519C7D2F50009667A</string>
				<string>F44F408D19CE5BB90061E4AB</string>
				<string>F44F408E19CE5BB90061E4AB</string>
				<string>F431FDDD19E1B1DE00D41D18</string>
				<string>F431FDDE19E1B1DE00D41D18</string>
				<string>F43311AF1A071F5F0067F737</string>
				<string>F43311B01A071F5F0067F737</string>
				<string>F4177AD919C7C1CB0009667A</string>
				<string>F4177AF219C7C1CB0009667A</string>
				<string>F4177AD219C7C1CB0009667A</string>
				<string>F4177AD119C7C1CB0009667A</string>
				<string>A6669365813D0E4D931BAF3A</string>
			</array>
			<key>isa</key>
			<string>PBXGroup</string>
			<key>sourceTree</key>
			<string>&lt;group&gt;</string>
		</dict>
		<key>F4177AC819C7C1CB0009667A</key>
		<dict>
			<key>attributes</key>
			<dict>
				<key>CLASSPREFIX</key>
				<string>XYZ</string>
				<key>LastUpgradeCheck</key>
				<string>0510</string>
				<key>ORGANIZATIONNAME</key>
				<string>Simon Murtha Smith</string>
				<key>TargetAttributes</key>
				<dict>
					<key>F4177AEA19C7C1CB0009667A</key>
					<dict>
						<key>TestTargetID</key>
						<string>F4177ACF19C7C1CB0009667A</string>
					</dict>
				</dict>
			</dict>
			<key>buildConfigurationList</key>
			<string>F4177ACB19C7C1CB0009667A</string>
			<key>compatibilityVersion</key>
			<string>Xcode 3.2</string>
			<key>developmentRegion</key>
			<string>English</string>
			<key>hasScannedForEncodings</key>
			<string>0</string>
			<key>isa</key>
			<string>PBXProject</string>
			<key>knownRegions</key>
			<array>
				<string>en</string>
			</array>
			<key>mainGroup</key>
			<string>F4177AC719C7C1CB0009667A</string>
			<key>productRefGroup</key>
			<string>F4177AD119C7C1CB0009667A</string>
			<key>projectDirPath</key>
			<string></string>
			<key>projectReferences</key>
			<array/>
			<key>projectRoot</key>
			<string></string>
			<key>targets</key>
			<array>
				<string>F4177ACF19C7C1CB0009667A</string>
				<string>F4177AEA19C7C1CB0009667A</string>
			</array>
		</dict>
		<key>F4177ACB19C7C1CB0009667A</key>
		<dict>
			<key>buildConfigurations</key>
			<array>
				<string>F4177AFA19C7C1CB0009667A</string>
				<string>F4177AFB19C7C1CB0009667A</string>
			</array>
			<key>defaultConfigurationIsVisible</key>
			<string>0</string>
			<key>defaultConfigurationName</key>
			<string>Release</string>
			<key>isa</key>
			<string>XCConfigurationList</string>
		</dict>
		<key>F4177ACC19C7C1CB0009667A</key>
		<dict>
			<key>buildActionMask</key>
			<string>2147483647</string>
			<key>files</key>
			<array>
				<string>F407B4A919CA68830075C3DC</string>
				<string>F4177AE419C7C1CB0009667A</string>
				<string>F44F408C19CDF85A0061E4AB</string>
				<string>F407B4A319CA63FB0075C3DC</string>
				<string>F44F408F19CE5BB90061E4AB</string>
				<string>F4177AE019C7C1CB0009667A</string>
				<string>F431FDDF19E1B1DE00D41D18</string>
				<string>F4293EE419FC580B00621685</string>
				<string>F43311B11A071F5F0067F737</string>
				<string>F4177B0C19C7D3E90009667A</string>
				<string>F4177B0619C7D2F50009667A</string>
			</array>
			<key>isa</key>
			<string>PBXSourcesBuildPhase</string>
			<key>runOnlyForDeploymentPostprocessing</key>
			<string>0</string>
		</dict>
		<key>F4177ACD19C7C1CB0009667A</key>
		<dict>
			<key>buildActionMask</key>
			<string>2147483647</string>
			<key>files</key>
			<array>
				<string>F4293EE619FC66D300621685</string>
				<string>F4177B1719C935070009667A</string>
				<string>F4177AD619C7C1CB0009667A</string>
				<string>F4177AD819C7C1CB0009667A</string>
				<string>F4177AD419C7C1CB0009667A</string>
				<string>45FBC0B9F8A6451BAFD8C6A2</string>
			</array>
			<key>isa</key>
			<string>PBXFrameworksBuildPhase</string>
			<key>runOnlyForDeploymentPostprocessing</key>
			<string>0</string>
		</dict>
		<key>F4177ACE19C7C1CB0009667A</key>
		<dict>
			<key>buildActionMask</key>
			<string>2147483647</string>
			<key>files</key>
			<array>
				<string>F4177B0319C7C42A0009667A</string>
				<string>F4177ADE19C7C1CB0009667A</string>
				<string>F4177AE619C7C1CB0009667A</string>
			</array>
			<key>isa</key>
			<string>PBXResourcesBuildPhase</string>
			<key>runOnlyForDeploymentPostprocessing</key>
			<string>0</string>
		</dict>
		<key>F4177ACF19C7C1CB0009667A</key>
		<dict>
			<key>buildConfigurationList</key>
			<string>F4177AFC19C7C1CB0009667A</string>
			<key>buildPhases</key>
			<array>
				<string>6C20578C357B4FDD8044A3D3</string>
				<string>F4177ACC19C7C1CB0009667A</string>
				<string>F4177ACD19C7C1CB0009667A</string>
				<string>F4177ACE19C7C1CB0009667A</string>
				<string>D10D9706655A4E848B9CB7CC</string>
			</array>
			<key>buildRules</key>
			<array/>
			<key>dependencies</key>
			<array/>
			<key>isa</key>
			<string>PBXNativeTarget</string>
			<key>name</key>
			<string>ToDoList</string>
			<key>productName</key>
			<string>ToDoList</string>
			<key>productReference</key>
			<string>F4177AD019C7C1CB0009667A</string>
			<key>productType</key>
			<string>com.apple.product-type.application</string>
		</dict>
		<key>F4177AD019C7C1CB0009667A</key>
		<dict>
			<key>explicitFileType</key>
			<string>wrapper.application</string>
			<key>includeInIndex</key>
			<string>0</string>
			<key>isa</key>
			<string>PBXFileReference</string>
			<key>path</key>
			<string>ToDoList.app</string>
			<key>sourceTree</key>
			<string>BUILT_PRODUCTS_DIR</string>
		</dict>
		<key>F4177AD119C7C1CB0009667A</key>
		<dict>
			<key>children</key>
			<array>
				<string>F4177AD019C7C1CB0009667A</string>
				<string>F4177AEB19C7C1CB0009667A</string>
			</array>
			<key>isa</key>
			<string>PBXGroup</string>
			<key>name</key>
			<string>Products</string>
			<key>sourceTree</key>
			<string>&lt;group&gt;</string>
		</dict>
		<key>F4177AD219C7C1CB0009667A</key>
		<dict>
			<key>children</key>
			<array>
				<string>F4293EE519FC66D300621685</string>
				<string>F4177B1619C935070009667A</string>
				<string>F4177AD319C7C1CB0009667A</string>
				<string>F4177AD519C7C1CB0009667A</string>
				<string>F4177AD719C7C1CB0009667A</string>
				<string>F4177AEC19C7C1CB0009667A</string>
				<string>F68ED5621BD34740BE91411B</string>
			</array>
			<key>isa</key>
			<string>PBXGroup</string>
			<key>name</key>
			<string>Frameworks</string>
			<key>sourceTree</key>
			<string>&lt;group&gt;</string>
		</dict>
		<key>F4177AD319C7C1CB0009667A</key>
		<dict>
			<key>isa</key>
			<string>PBXFileReference</string>
			<key>lastKnownFileType</key>
			<string>wrapper.framework</string>
			<key>name</key>
			<string>Foundation.framework</string>
			<key>path</key>
			<string>System/Library/Frameworks/Foundation.framework</string>
			<key>sourceTree</key>
			<string>SDKROOT</string>
		</dict>
		<key>F4177AD419C7C1CB0009667A</key>
		<dict>
			<key>fileRef</key>
			<string>F4177AD319C7C1CB0009667A</string>
			<key>isa</key>
			<string>PBXBuildFile</string>
		</dict>
		<key>F4177AD519C7C1CB0009667A</key>
		<dict>
			<key>isa</key>
			<string>PBXFileReference</string>
			<key>lastKnownFileType</key>
			<string>wrapper.framework</string>
			<key>name</key>
			<string>CoreGraphics.framework</string>
			<key>path</key>
			<string>System/Library/Frameworks/CoreGraphics.framework</string>
			<key>sourceTree</key>
			<string>SDKROOT</string>
		</dict>
		<key>F4177AD619C7C1CB0009667A</key>
		<dict>
			<key>fileRef</key>
			<string>F4177AD519C7C1CB0009667A</string>
			<key>isa</key>
			<string>PBXBuildFile</string>
		</dict>
		<key>F4177AD719C7C1CB0009667A</key>
		<dict>
			<key>isa</key>
			<string>PBXFileReference</string>
			<key>lastKnownFileType</key>
			<string>wrapper.framework</string>
			<key>name</key>
			<string>UIKit.framework</string>
			<key>path</key>
			<string>System/Library/Frameworks/UIKit.framework</string>
			<key>sourceTree</key>
			<string>SDKROOT</string>
		</dict>
		<key>F4177AD819C7C1CB0009667A</key>
		<dict>
			<key>fileRef</key>
			<string>F4177AD719C7C1CB0009667A</string>
			<key>isa</key>
			<string>PBXBuildFile</string>
		</dict>
		<key>F4177AD919C7C1CB0009667A</key>
		<dict>
			<key>children</key>
			<array>
				<string>F4177AE219C7C1CB0009667A</string>
				<string>F4177AE319C7C1CB0009667A</string>
				<string>F4177B0219C7C42A0009667A</string>
				<string>F4177AE519C7C1CB0009667A</string>
				<string>F4177ADA19C7C1CB0009667A</string>
			</array>
			<key>isa</key>
			<string>PBXGroup</string>
			<key>path</key>
			<string>ToDoList</string>
			<key>sourceTree</key>
			<string>&lt;group&gt;</string>
		</dict>
		<key>F4177ADA19C7C1CB0009667A</key>
		<dict>
			<key>children</key>
			<array>
				<string>F4177ADB19C7C1CB0009667A</string>
				<string>F4177ADC19C7C1CB0009667A</string>
				<string>F4177ADF19C7C1CB0009667A</string>
				<string>F4177AE119C7C1CB0009667A</string>
			</array>
			<key>isa</key>
			<string>PBXGroup</string>
			<key>name</key>
			<string>Supporting Files</string>
			<key>sourceTree</key>
			<string>&lt;group&gt;</string>
		</dict>
		<key>F4177ADB19C7C1CB0009667A</key>
		<dict>
			<key>isa</key>
			<string>PBXFileReference</string>
			<key>lastKnownFileType</key>
			<string>text.plist.xml</string>
			<key>path</key>
			<string>ToDoList-Info.plist</string>
			<key>sourceTree</key>
			<string>&lt;group&gt;</string>
		</dict>
		<key>F4177ADC19C7C1CB0009667A</key>
		<dict>
			<key>children</key>
			<array>
				<string>F4177ADD19C7C1CB0009667A</string>
			</array>
			<key>isa</key>
			<string>PBXVariantGroup</string>
			<key>name</key>
			<string>InfoPlist.strings</string>
			<key>sourceTree</key>
			<string>&lt;group&gt;</string>
		</dict>
		<key>F4177ADD19C7C1CB0009667A</key>
		<dict>
			<key>isa</key>
			<string>PBXFileReference</string>
			<key>lastKnownFileType</key>
			<string>text.plist.strings</string>
			<key>name</key>
			<string>en</string>
			<key>path</key>
			<string>en.lproj/InfoPlist.strings</string>
			<key>sourceTree</key>
			<string>&lt;group&gt;</string>
		</dict>
		<key>F4177ADE19C7C1CB0009667A</key>
		<dict>
			<key>fileRef</key>
			<string>F4177ADC19C7C1CB0009667A</string>
			<key>isa</key>
			<string>PBXBuildFile</string>
		</dict>
		<key>F4177ADF19C7C1CB0009667A</key>
		<dict>
			<key>isa</key>
			<string>PBXFileReference</string>
			<key>lastKnownFileType</key>
			<string>sourcecode.c.objc</string>
			<key>path</key>
			<string>main.m</string>
			<key>sourceTree</key>
			<string>&lt;group&gt;</string>
		</dict>
		<key>F4177AE019C7C1CB0009667A</key>
		<dict>
			<key>fileRef</key>
			<string>F4177ADF19C7C1CB0009667A</string>
			<key>isa</key>
			<string>PBXBuildFile</string>
		</dict>
		<key>F4177AE119C7C1CB0009667A</key>
		<dict>
			<key>isa</key>
			<string>PBXFileReference</string>
			<key>lastKnownFileType</key>
			<string>sourcecode.c.h</string>
			<key>path</key>
			<string>ToDoList-Prefix.pch</string>
			<key>sourceTree</key>
			<string>&lt;group&gt;</string>
		</dict>
		<key>F4177AE219C7C1CB0009667A</key>
		<dict>
			<key>isa</key>
			<string>PBXFileReference</string>
			<key>lastKnownFileType</key>
			<string>sourcecode.c.h</string>
			<key>path</key>
			<string>XYZAppDelegate.h</string>
			<key>sourceTree</key>
			<string>&lt;group&gt;</string>
		</dict>
		<key>F4177AE319C7C1CB0009667A</key>
		<dict>
			<key>isa</key>
			<string>PBXFileReference</string>
			<key>lastKnownFileType</key>
			<string>sourcecode.c.objc</string>
			<key>path</key>
			<string>XYZAppDelegate.m</string>
			<key>sourceTree</key>
			<string>&lt;group&gt;</string>
		</dict>
		<key>F4177AE419C7C1CB0009667A</key>
		<dict>
			<key>fileRef</key>
			<string>F4177AE319C7C1CB0009667A</string>
			<key>isa</key>
			<string>PBXBuildFile</string>
		</dict>
		<key>F4177AE519C7C1CB0009667A</key>
		<dict>
			<key>isa</key>
			<string>PBXFileReference</string>
			<key>lastKnownFileType</key>
			<string>folder.assetcatalog</string>
			<key>path</key>
			<string>Images.xcassets</string>
			<key>sourceTree</key>
			<string>&lt;group&gt;</string>
		</dict>
		<key>F4177AE619C7C1CB0009667A</key>
		<dict>
			<key>fileRef</key>
			<string>F4177AE519C7C1CB0009667A</string>
			<key>isa</key>
			<string>PBXBuildFile</string>
		</dict>
		<key>F4177AE719C7C1CB0009667A</key>
		<dict>
			<key>buildActionMask</key>
			<string>2147483647</string>
			<key>files</key>
			<array>
				<string>F4177AF919C7C1CB0009667A</string>
			</array>
			<key>isa</key>
			<string>PBXSourcesBuildPhase</string>
			<key>runOnlyForDeploymentPostprocessing</key>
			<string>0</string>
		</dict>
		<key>F4177AE819C7C1CB0009667A</key>
		<dict>
			<key>buildActionMask</key>
			<string>2147483647</string>
			<key>files</key>
			<array>
				<string>F4177AED19C7C1CB0009667A</string>
				<string>F4177AEF19C7C1CB0009667A</string>
				<string>F4177AEE19C7C1CB0009667A</string>
			</array>
			<key>isa</key>
			<string>PBXFrameworksBuildPhase</string>
			<key>runOnlyForDeploymentPostprocessing</key>
			<string>0</string>
		</dict>
		<key>F4177AE919C7C1CB0009667A</key>
		<dict>
			<key>buildActionMask</key>
			<string>2147483647</string>
			<key>files</key>
			<array>
				<string>F4177AF719C7C1CB0009667A</string>
			</array>
			<key>isa</key>
			<string>PBXResourcesBuildPhase</string>
			<key>runOnlyForDeploymentPostprocessing</key>
			<string>0</string>
		</dict>
		<key>F4177AEA19C7C1CB0009667A</key>
		<dict>
			<key>buildConfigurationList</key>
			<string>F4177AFF19C7C1CB0009667A</string>
			<key>buildPhases</key>
			<array>
				<string>F4177AE719C7C1CB0009667A</string>
				<string>F4177AE819C7C1CB0009667A</string>
				<string>F4177AE919C7C1CB0009667A</string>
			</array>
			<key>buildRules</key>
			<array/>
			<key>dependencies</key>
			<array>
				<string>F4177AF119C7C1CB0009667A</string>
			</array>
			<key>isa</key>
			<string>PBXNativeTarget</string>
			<key>name</key>
			<string>ToDoListTests</string>
			<key>productName</key>
			<string>ToDoListTests</string>
			<key>productReference</key>
			<string>F4177AEB19C7C1CB0009667A</string>
			<key>productType</key>
			<string>com.apple.product-type.bundle.unit-test</string>
		</dict>
		<key>F4177AEB19C7C1CB0009667A</key>
		<dict>
			<key>explicitFileType</key>
			<string>wrapper.cfbundle</string>
			<key>includeInIndex</key>
			<string>0</string>
			<key>isa</key>
			<string>PBXFileReference</string>
			<key>path</key>
			<string>ToDoListTests.xctest</string>
			<key>sourceTree</key>
			<string>BUILT_PRODUCTS_DIR</string>
		</dict>
		<key>F4177AEC19C7C1CB0009667A</key>
		<dict>
			<key>isa</key>
			<string>PBXFileReference</string>
			<key>lastKnownFileType</key>
			<string>wrapper.framework</string>
			<key>name</key>
			<string>XCTest.framework</string>
			<key>path</key>
			<string>Library/Frameworks/XCTest.framework</string>
			<key>sourceTree</key>
			<string>DEVELOPER_DIR</string>
		</dict>
		<key>F4177AED19C7C1CB0009667A</key>
		<dict>
			<key>fileRef</key>
			<string>F4177AEC19C7C1CB0009667A</string>
			<key>isa</key>
			<string>PBXBuildFile</string>
		</dict>
		<key>F4177AEE19C7C1CB0009667A</key>
		<dict>
			<key>fileRef</key>
			<string>F4177AD319C7C1CB0009667A</string>
			<key>isa</key>
			<string>PBXBuildFile</string>
		</dict>
		<key>F4177AEF19C7C1CB0009667A</key>
		<dict>
			<key>fileRef</key>
			<string>F4177AD719C7C1CB0009667A</string>
			<key>isa</key>
			<string>PBXBuildFile</string>
		</dict>
		<key>F4177AF019C7C1CB0009667A</key>
		<dict>
			<key>containerPortal</key>
			<string>F4177AC819C7C1CB0009667A</string>
			<key>isa</key>
			<string>PBXContainerItemProxy</string>
			<key>proxyType</key>
			<string>1</string>
			<key>remoteGlobalIDString</key>
			<string>F4177ACF19C7C1CB0009667A</string>
			<key>remoteInfo</key>
			<string>ToDoList</string>
		</dict>
		<key>F4177AF119C7C1CB0009667A</key>
		<dict>
			<key>isa</key>
			<string>PBXTargetDependency</string>
			<key>target</key>
			<string>F4177ACF19C7C1CB0009667A</string>
			<key>targetProxy</key>
			<string>F4177AF019C7C1CB0009667A</string>
		</dict>
		<key>F4177AF219C7C1CB0009667A</key>
		<dict>
			<key>children</key>
			<array>
				<string>F4177AF819C7C1CB0009667A</string>
				<string>F4177AF319C7C1CB0009667A</string>
			</array>
			<key>isa</key>
			<string>PBXGroup</string>
			<key>path</key>
			<string>ToDoListTests</string>
			<key>sourceTree</key>
			<string>&lt;group&gt;</string>
		</dict>
		<key>F4177AF319C7C1CB0009667A</key>
		<dict>
			<key>children</key>
			<array>
				<string>F4177AF419C7C1CB0009667A</string>
				<string>F4177AF519C7C1CB0009667A</string>
			</array>
			<key>isa</key>
			<string>PBXGroup</string>
			<key>name</key>
			<string>Supporting Files</string>
			<key>sourceTree</key>
			<string>&lt;group&gt;</string>
		</dict>
		<key>F4177AF419C7C1CB0009667A</key>
		<dict>
			<key>isa</key>
			<string>PBXFileReference</string>
			<key>lastKnownFileType</key>
			<string>text.plist.xml</string>
			<key>path</key>
			<string>ToDoListTests-Info.plist</string>
			<key>sourceTree</key>
			<string>&lt;group&gt;</string>
		</dict>
		<key>F4177AF519C7C1CB0009667A</key>
		<dict>
			<key>children</key>
			<array>
				<string>F4177AF619C7C1CB0009667A</string>
			</array>
			<key>isa</key>
			<string>PBXVariantGroup</string>
			<key>name</key>
			<string>InfoPlist.strings</string>
			<key>sourceTree</key>
			<string>&lt;group&gt;</string>
		</dict>
		<key>F4177AF619C7C1CB0009667A</key>
		<dict>
			<key>isa</key>
			<string>PBXFileReference</string>
			<key>lastKnownFileType</key>
			<string>text.plist.strings</string>
			<key>name</key>
			<string>en</string>
			<key>path</key>
			<string>en.lproj/InfoPlist.strings</string>
			<key>sourceTree</key>
			<string>&lt;group&gt;</string>
		</dict>
		<key>F4177AF719C7C1CB0009667A</key>
		<dict>
			<key>fileRef</key>
			<string>F4177AF519C7C1CB0009667A</string>
			<key>isa</key>
			<string>PBXBuildFile</string>
		</dict>
		<key>F4177AF819C7C1CB0009667A</key>
		<dict>
			<key>isa</key>
			<string>PBXFileReference</string>
			<key>lastKnownFileType</key>
			<string>sourcecode.c.objc</string>
			<key>path</key>
			<string>ToDoListTests.m</string>
			<key>sourceTree</key>
			<string>&lt;group&gt;</string>
		</dict>
		<key>F4177AF919C7C1CB0009667A</key>
		<dict>
			<key>fileRef</key>
			<string>F4177AF819C7C1CB0009667A</string>
			<key>isa</key>
			<string>PBXBuildFile</string>
		</dict>
		<key>F4177AFA19C7C1CB0009667A</key>
		<dict>
			<key>buildSettings</key>
			<dict>
				<key>ALWAYS_SEARCH_USER_PATHS</key>
				<string>NO</string>
				<key>CLANG_CXX_LANGUAGE_STANDARD</key>
				<string>gnu++0x</string>
				<key>CLANG_CXX_LIBRARY</key>
				<string>libc++</string>
				<key>CLANG_ENABLE_MODULES</key>
				<string>YES</string>
				<key>CLANG_ENABLE_OBJC_ARC</key>
				<string>YES</string>
				<key>CLANG_WARN_BOOL_CONVERSION</key>
				<string>YES</string>
				<key>CLANG_WARN_CONSTANT_CONVERSION</key>
				<string>YES</string>
				<key>CLANG_WARN_DIRECT_OBJC_ISA_USAGE</key>
				<string>YES_ERROR</string>
				<key>CLANG_WARN_EMPTY_BODY</key>
				<string>YES</string>
				<key>CLANG_WARN_ENUM_CONVERSION</key>
				<string>YES</string>
				<key>CLANG_WARN_INT_CONVERSION</key>
				<string>YES</string>
				<key>CLANG_WARN_OBJC_ROOT_CLASS</key>
				<string>YES_ERROR</string>
				<key>CLANG_WARN__DUPLICATE_METHOD_MATCH</key>
				<string>YES</string>
				<key>CODE_SIGN_IDENTITY[sdk=iphoneos*]</key>
				<string>iPhone Developer</string>
				<key>COPY_PHASE_STRIP</key>
				<string>NO</string>
				<key>GCC_C_LANGUAGE_STANDARD</key>
				<string>gnu99</string>
				<key>GCC_DYNAMIC_NO_PIC</key>
				<string>NO</string>
				<key>GCC_OPTIMIZATION_LEVEL</key>
				<string>0</string>
				<key>GCC_PREPROCESSOR_DEFINITIONS</key>
				<array>
					<string>DEBUG=1</string>
					<string>$(inherited)</string>
				</array>
				<key>GCC_SYMBOLS_PRIVATE_EXTERN</key>
				<string>NO</string>
				<key>GCC_WARN_64_TO_32_BIT_CONVERSION</key>
				<string>YES</string>
				<key>GCC_WARN_ABOUT_RETURN_TYPE</key>
				<string>YES_ERROR</string>
				<key>GCC_WARN_UNDECLARED_SELECTOR</key>
				<string>YES</string>
				<key>GCC_WARN_UNINITIALIZED_AUTOS</key>
				<string>YES_AGGRESSIVE</string>
				<key>GCC_WARN_UNUSED_FUNCTION</key>
				<string>YES</string>
				<key>GCC_WARN_UNUSED_VARIABLE</key>
				<string>YES</string>
				<key>IPHONEOS_DEPLOYMENT_TARGET</key>
				<string>8.0</string>
				<key>ONLY_ACTIVE_ARCH</key>
				<string>YES</string>
				<key>SDKROOT</key>
				<string>iphoneos</string>
			</dict>
			<key>isa</key>
			<string>XCBuildConfiguration</string>
			<key>name</key>
			<string>Debug</string>
		</dict>
		<key>F4177AFB19C7C1CB0009667A</key>
		<dict>
			<key>buildSettings</key>
			<dict>
				<key>ALWAYS_SEARCH_USER_PATHS</key>
				<string>NO</string>
				<key>CLANG_CXX_LANGUAGE_STANDARD</key>
				<string>gnu++0x</string>
				<key>CLANG_CXX_LIBRARY</key>
				<string>libc++</string>
				<key>CLANG_ENABLE_MODULES</key>
				<string>YES</string>
				<key>CLANG_ENABLE_OBJC_ARC</key>
				<string>YES</string>
				<key>CLANG_WARN_BOOL_CONVERSION</key>
				<string>YES</string>
				<key>CLANG_WARN_CONSTANT_CONVERSION</key>
				<string>YES</string>
				<key>CLANG_WARN_DIRECT_OBJC_ISA_USAGE</key>
				<string>YES_ERROR</string>
				<key>CLANG_WARN_EMPTY_BODY</key>
				<string>YES</string>
				<key>CLANG_WARN_ENUM_CONVERSION</key>
				<string>YES</string>
				<key>CLANG_WARN_INT_CONVERSION</key>
				<string>YES</string>
				<key>CLANG_WARN_OBJC_ROOT_CLASS</key>
				<string>YES_ERROR</string>
				<key>CLANG_WARN__DUPLICATE_METHOD_MATCH</key>
				<string>YES</string>
				<key>CODE_SIGN_IDENTITY[sdk=iphoneos*]</key>
				<string>iPhone Developer</string>
				<key>COPY_PHASE_STRIP</key>
				<string>YES</string>
				<key>ENABLE_NS_ASSERTIONS</key>
				<string>NO</string>
				<key>GCC_C_LANGUAGE_STANDARD</key>
				<string>gnu99</string>
				<key>GCC_WARN_64_TO_32_BIT_CONVERSION</key>
				<string>YES</string>
				<key>GCC_WARN_ABOUT_RETURN_TYPE</key>
				<string>YES_ERROR</string>
				<key>GCC_WARN_UNDECLARED_SELECTOR</key>
				<string>YES</string>
				<key>GCC_WARN_UNINITIALIZED_AUTOS</key>
				<string>YES_AGGRESSIVE</string>
				<key>GCC_WARN_UNUSED_FUNCTION</key>
				<string>YES</string>
				<key>GCC_WARN_UNUSED_VARIABLE</key>
				<string>YES</string>
				<key>IPHONEOS_DEPLOYMENT_TARGET</key>
				<string>8.0</string>
				<key>SDKROOT</key>
				<string>iphoneos</string>
				<key>VALIDATE_PRODUCT</key>
				<string>YES</string>
			</dict>
			<key>isa</key>
			<string>XCBuildConfiguration</string>
			<key>name</key>
			<string>Release</string>
		</dict>
		<key>F4177AFC19C7C1CB0009667A</key>
		<dict>
			<key>buildConfigurations</key>
			<array>
				<string>F4177AFD19C7C1CB0009667A</string>
				<string>F4177AFE19C7C1CB0009667A</string>
			</array>
			<key>defaultConfigurationIsVisible</key>
			<string>0</string>
			<key>defaultConfigurationName</key>
			<string>Release</string>
			<key>isa</key>
			<string>XCConfigurationList</string>
		</dict>
		<key>F4177AFD19C7C1CB0009667A</key>
		<dict>
			<key>baseConfigurationReference</key>
			<string>6850A415108FF33E62D457B3</string>
			<key>buildSettings</key>
			<dict>
				<key>ASSETCATALOG_COMPILER_APPICON_NAME</key>
				<string>AppIcon</string>
				<key>ASSETCATALOG_COMPILER_LAUNCHIMAGE_NAME</key>
				<string>LaunchImage</string>
				<key>GCC_PRECOMPILE_PREFIX_HEADER</key>
				<string>YES</string>
				<key>GCC_PREFIX_HEADER</key>
				<string>ToDoList/ToDoList-Prefix.pch</string>
				<key>INFOPLIST_FILE</key>
				<string>ToDoList/ToDoList-Info.plist</string>
				<key>LIBRARY_SEARCH_PATHS</key>
				<string>$(inherited)</string>
				<key>PRODUCT_NAME</key>
				<string>$(TARGET_NAME)</string>
				<key>WRAPPER_EXTENSION</key>
				<string>app</string>
			</dict>
			<key>isa</key>
			<string>XCBuildConfiguration</string>
			<key>name</key>
			<string>Debug</string>
		</dict>
		<key>F4177AFE19C7C1CB0009667A</key>
		<dict>
			<key>baseConfigurationReference</key>
			<string>D3FFCE470D7AA8EFBD2841AC</string>
			<key>buildSettings</key>
			<dict>
				<key>ASSETCATALOG_COMPILER_APPICON_NAME</key>
				<string>AppIcon</string>
				<key>ASSETCATALOG_COMPILER_LAUNCHIMAGE_NAME</key>
				<string>LaunchImage</string>
				<key>GCC_PRECOMPILE_PREFIX_HEADER</key>
				<string>YES</string>
				<key>GCC_PREFIX_HEADER</key>
				<string>ToDoList/ToDoList-Prefix.pch</string>
				<key>INFOPLIST_FILE</key>
				<string>ToDoList/ToDoList-Info.plist</string>
				<key>LIBRARY_SEARCH_PATHS</key>
				<string>$(inherited)</string>
				<key>OTHER_LDFLAGS[arch=*]</key>
				<string>-ObjC</string>
				<key>PRODUCT_NAME</key>
				<string>$(TARGET_NAME)</string>
				<key>WRAPPER_EXTENSION</key>
				<string>app</string>
			</dict>
			<key>isa</key>
			<string>XCBuildConfiguration</string>
			<key>name</key>
			<string>Release</string>
		</dict>
		<key>F4177AFF19C7C1CB0009667A</key>
		<dict>
			<key>buildConfigurations</key>
			<array>
				<string>F4177B0019C7C1CB0009667A</string>
				<string>F4177B0119C7C1CB0009667A</string>
			</array>
			<key>defaultConfigurationIsVisible</key>
			<string>0</string>
			<key>defaultConfigurationName</key>
			<string>Release</string>
			<key>isa</key>
			<string>XCConfigurationList</string>
		</dict>
		<key>F4177B0019C7C1CB0009667A</key>
		<dict>
			<key>buildSettings</key>
			<dict>
				<key>BUNDLE_LOADER</key>
				<string>$(BUILT_PRODUCTS_DIR)/ToDoList.app/ToDoList</string>
				<key>FRAMEWORK_SEARCH_PATHS</key>
				<array>
					<string>$(SDKROOT)/Developer/Library/Frameworks</string>
					<string>$(inherited)</string>
					<string>$(DEVELOPER_FRAMEWORKS_DIR)</string>
				</array>
				<key>GCC_PRECOMPILE_PREFIX_HEADER</key>
				<string>YES</string>
				<key>GCC_PREFIX_HEADER</key>
				<string>ToDoList/ToDoList-Prefix.pch</string>
				<key>GCC_PREPROCESSOR_DEFINITIONS</key>
				<array>
					<string>DEBUG=1</string>
					<string>$(inherited)</string>
				</array>
				<key>INFOPLIST_FILE</key>
				<string>ToDoListTests/ToDoListTests-Info.plist</string>
				<key>PRODUCT_NAME</key>
				<string>$(TARGET_NAME)</string>
				<key>TEST_HOST</key>
				<string>$(BUNDLE_LOADER)</string>
				<key>WRAPPER_EXTENSION</key>
				<string>xctest</string>
			</dict>
			<key>isa</key>
			<string>XCBuildConfiguration</string>
			<key>name</key>
			<string>Debug</string>
		</dict>
		<key>F4177B0119C7C1CB0009667A</key>
		<dict>
			<key>buildSettings</key>
			<dict>
				<key>BUNDLE_LOADER</key>
				<string>$(BUILT_PRODUCTS_DIR)/ToDoList.app/ToDoList</string>
				<key>FRAMEWORK_SEARCH_PATHS</key>
				<array>
					<string>$(SDKROOT)/Developer/Library/Frameworks</string>
					<string>$(inherited)</string>
					<string>$(DEVELOPER_FRAMEWORKS_DIR)</string>
				</array>
				<key>GCC_PRECOMPILE_PREFIX_HEADER</key>
				<string>YES</string>
				<key>GCC_PREFIX_HEADER</key>
				<string>ToDoList/ToDoList-Prefix.pch</string>
				<key>INFOPLIST_FILE</key>
				<string>ToDoListTests/ToDoListTests-Info.plist</string>
				<key>PRODUCT_NAME</key>
				<string>$(TARGET_NAME)</string>
				<key>TEST_HOST</key>
				<string>$(BUNDLE_LOADER)</string>
				<key>WRAPPER_EXTENSION</key>
				<string>xctest</string>
			</dict>
			<key>isa</key>
			<string>XCBuildConfiguration</string>
			<key>name</key>
			<string>Release</string>
		</dict>
		<key>F4177B0219C7C42A0009667A</key>
		<dict>
			<key>fileEncoding</key>
			<string>4</string>
			<key>isa</key>
			<string>PBXFileReference</string>
			<key>lastKnownFileType</key>
			<string>file.storyboard</string>
			<key>path</key>
			<string>Main.storyboard</string>
			<key>sourceTree</key>
			<string>&lt;group&gt;</string>
		</dict>
		<key>F4177B0319C7C42A0009667A</key>
		<dict>
			<key>fileRef</key>
			<string>F4177B0219C7C42A0009667A</string>
			<key>isa</key>
			<string>PBXBuildFile</string>
		</dict>
		<key>F4177B0419C7D2F50009667A</key>
		<dict>
			<key>fileEncoding</key>
			<string>4</string>
			<key>isa</key>
			<string>PBXFileReference</string>
			<key>lastKnownFileType</key>
			<string>sourcecode.c.h</string>
			<key>path</key>
			<string>XYZAddToDoItemViewController.h</string>
			<key>sourceTree</key>
			<string>&lt;group&gt;</string>
		</dict>
		<key>F4177B0519C7D2F50009667A</key>
		<dict>
			<key>fileEncoding</key>
			<string>4</string>
			<key>isa</key>
			<string>PBXFileReference</string>
			<key>lastKnownFileType</key>
			<string>sourcecode.c.objc</string>
			<key>path</key>
			<string>XYZAddToDoItemViewController.m</string>
			<key>sourceTree</key>
			<string>&lt;group&gt;</string>
		</dict>
		<key>F4177B0619C7D2F50009667A</key>
		<dict>
			<key>fileRef</key>
			<string>F4177B0519C7D2F50009667A</string>
			<key>isa</key>
			<string>PBXBuildFile</string>
		</dict>
		<key>F4177B0A19C7D3E90009667A</key>
		<dict>
			<key>fileEncoding</key>
			<string>4</string>
			<key>isa</key>
			<string>PBXFileReference</string>
			<key>lastKnownFileType</key>
			<string>sourcecode.c.h</string>
			<key>path</key>
			<string>XYZToDoListTableViewController.h</string>
			<key>sourceTree</key>
			<string>&lt;group&gt;</string>
		</dict>
		<key>F4177B0B19C7D3E90009667A</key>
		<dict>
			<key>fileEncoding</key>
			<string>4</string>
			<key>isa</key>
			<string>PBXFileReference</string>
			<key>lastKnownFileType</key>
			<string>sourcecode.c.objc</string>
			<key>path</key>
			<string>XYZToDoListTableViewController.m</string>
			<key>sourceTree</key>
			<string>&lt;group&gt;</string>
		</dict>
		<key>F4177B0C19C7D3E90009667A</key>
		<dict>
			<key>fileRef</key>
			<string>F4177B0B19C7D3E90009667A</string>
			<key>isa</key>
			<string>PBXBuildFile</string>
		</dict>
		<key>F4177B1619C935070009667A</key>
		<dict>
			<key>isa</key>
			<string>PBXFileReference</string>
			<key>lastKnownFileType</key>
			<string>wrapper.framework</string>
			<key>name</key>
			<string>CoreLocation.framework</string>
			<key>path</key>
			<string>System/Library/Frameworks/CoreLocation.framework</string>
			<key>sourceTree</key>
			<string>SDKROOT</string>
		</dict>
		<key>F4177B1719C935070009667A</key>
		<dict>
			<key>fileRef</key>
			<string>F4177B1619C935070009667A</string>
			<key>isa</key>
			<string>PBXBuildFile</string>
		</dict>
		<key>F4293EE219FC580B00621685</key>
		<dict>
			<key>fileEncoding</key>
			<string>4</string>
			<key>isa</key>
			<string>PBXFileReference</string>
			<key>lastKnownFileType</key>
			<string>sourcecode.c.h</string>
			<key>path</key>
			<string>SLContactTableViewCell.h</string>
			<key>sourceTree</key>
			<string>&lt;group&gt;</string>
		</dict>
		<key>F4293EE319FC580B00621685</key>
		<dict>
			<key>fileEncoding</key>
			<string>4</string>
			<key>isa</key>
			<string>PBXFileReference</string>
			<key>lastKnownFileType</key>
			<string>sourcecode.c.objc</string>
			<key>path</key>
			<string>SLContactTableViewCell.m</string>
			<key>sourceTree</key>
			<string>&lt;group&gt;</string>
		</dict>
		<key>F4293EE419FC580B00621685</key>
		<dict>
			<key>fileRef</key>
			<string>F4293EE319FC580B00621685</string>
			<key>isa</key>
			<string>PBXBuildFile</string>
		</dict>
		<key>F4293EE519FC66D300621685</key>
		<dict>
			<key>isa</key>
			<string>PBXFileReference</string>
			<key>lastKnownFileType</key>
			<string>wrapper.framework</string>
			<key>name</key>
			<string>MessageUI.framework</string>
			<key>path</key>
			<string>System/Library/Frameworks/MessageUI.framework</string>
			<key>sourceTree</key>
			<string>SDKROOT</string>
		</dict>
		<key>F4293EE619FC66D300621685</key>
		<dict>
			<key>fileRef</key>
			<string>F4293EE519FC66D300621685</string>
			<key>isa</key>
			<string>PBXBuildFile</string>
		</dict>
		<key>F431FDDD19E1B1DE00D41D18</key>
		<dict>
			<key>fileEncoding</key>
			<string>4</string>
			<key>isa</key>
			<string>PBXFileReference</string>
			<key>lastKnownFileType</key>
			<string>sourcecode.c.h</string>
			<key>name</key>
			<string>XYZShareListTableViewController.h</string>
			<key>path</key>
			<string>ToDoList/XYZShareListTableViewController.h</string>
			<key>sourceTree</key>
			<string>&lt;group&gt;</string>
		</dict>
		<key>F431FDDE19E1B1DE00D41D18</key>
		<dict>
			<key>fileEncoding</key>
			<string>4</string>
			<key>isa</key>
			<string>PBXFileReference</string>
			<key>lastKnownFileType</key>
			<string>sourcecode.c.objc</string>
			<key>name</key>
			<string>XYZShareListTableViewController.m</string>
			<key>path</key>
			<string>ToDoList/XYZShareListTableViewController.m</string>
			<key>sourceTree</key>
			<string>&lt;group&gt;</string>
		</dict>
		<key>F431FDDF19E1B1DE00D41D18</key>
		<dict>
			<key>fileRef</key>
			<string>F431FDDE19E1B1DE00D41D18</string>
			<key>isa</key>
			<string>PBXBuildFile</string>
		</dict>
		<key>F43311AF1A071F5F0067F737</key>
		<dict>
			<key>fileEncoding</key>
			<string>4</string>
			<key>isa</key>
			<string>PBXFileReference</string>
			<key>lastKnownFileType</key>
			<string>sourcecode.c.h</string>
			<key>path</key>
			<string>XYZShareListViewController.h</string>
			<key>sourceTree</key>
			<string>&lt;group&gt;</string>
		</dict>
		<key>F43311B01A071F5F0067F737</key>
		<dict>
			<key>fileEncoding</key>
			<string>4</string>
			<key>isa</key>
			<string>PBXFileReference</string>
			<key>lastKnownFileType</key>
			<string>sourcecode.c.objc</string>
			<key>path</key>
			<string>XYZShareListViewController.m</string>
			<key>sourceTree</key>
			<string>&lt;group&gt;</string>
		</dict>
		<key>F43311B11A071F5F0067F737</key>
		<dict>
			<key>fileRef</key>
			<string>F43311B01A071F5F0067F737</string>
			<key>isa</key>
			<string>PBXBuildFile</string>
		</dict>
		<key>F44F408A19CDF85A0061E4AB</key>
		<dict>
			<key>fileEncoding</key>
			<string>4</string>
			<key>isa</key>
			<string>PBXFileReference</string>
			<key>lastKnownFileType</key>
			<string>sourcecode.c.h</string>
			<key>path</key>
			<string>XYZListsListTableViewController.h</string>
			<key>sourceTree</key>
			<string>&lt;group&gt;</string>
		</dict>
		<key>F44F408B19CDF85A0061E4AB</key>
		<dict>
			<key>fileEncoding</key>
			<string>4</string>
			<key>isa</key>
			<string>PBXFileReference</string>
			<key>lastKnownFileType</key>
			<string>sourcecode.c.objc</string>
			<key>path</key>
			<string>XYZListsListTableViewController.m</string>
			<key>sourceTree</key>
			<string>&lt;group&gt;</string>
		</dict>
		<key>F44F408C19CDF85A0061E4AB</key>
		<dict>
			<key>fileRef</key>
			<string>F44F408B19CDF85A0061E4AB</string>
			<key>isa</key>
			<string>PBXBuildFile</string>
		</dict>
		<key>F44F408D19CE5BB90061E4AB</key>
		<dict>
			<key>fileEncoding</key>
			<string>4</string>
			<key>isa</key>
			<string>PBXFileReference</string>
			<key>lastKnownFileType</key>
			<string>sourcecode.c.h</string>
			<key>name</key>
			<string>XYZAddListViewController.h</string>
			<key>path</key>
			<string>ToDoList/XYZAddListViewController.h</string>
			<key>sourceTree</key>
			<string>&lt;group&gt;</string>
		</dict>
		<key>F44F408E19CE5BB90061E4AB</key>
		<dict>
			<key>fileEncoding</key>
			<string>4</string>
			<key>isa</key>
			<string>PBXFileReference</string>
			<key>lastKnownFileType</key>
			<string>sourcecode.c.objc</string>
			<key>name</key>
			<string>XYZAddListViewController.m</string>
			<key>path</key>
			<string>ToDoList/XYZAddListViewController.m</string>
			<key>sourceTree</key>
			<string>&lt;group&gt;</string>
		</dict>
		<key>F44F408F19CE5BB90061E4AB</key>
		<dict>
			<key>fileRef</key>
			<string>F44F408E19CE5BB90061E4AB</string>
			<key>isa</key>
			<string>PBXBuildFile</string>
		</dict>
		<key>F68ED5621BD34740BE91411B</key>
		<dict>
			<key>explicitFileType</key>
			<string>archive.ar</string>
			<key>includeInIndex</key>
			<string>0</string>
			<key>isa</key>
			<string>PBXFileReference</string>
			<key>path</key>
			<string>libPods-ToDoList.a</string>
			<key>sourceTree</key>
			<string>BUILT_PRODUCTS_DIR</string>
		</dict>
	</dict>
	<key>rootObject</key>
	<string>F4177AC819C7C1CB0009667A</string>
</dict>
</plist>
