// !$*UTF8*$!
{
	archiveVersion = 1;
	classes = {
	};
	objectVersion = 46;
	objects = {

/* Begin PBXBuildFile section */
		144777AC2B99C8D99C23E185 /* libPods-ToDoListTests.a in Frameworks */ = {isa = PBXBuildFile; fileRef = 3EF9A52179560966A6A29C8E /* libPods-ToDoListTests.a */; };
		84AAF8C3F39D35B1306755AA /* libPods-ToDoList.a in Frameworks */ = {isa = PBXBuildFile; fileRef = 3BC0FA12B8621E507C872EA0 /* libPods-ToDoList.a */; };
		F40218CD1A1EAA67000B28ED /* pusher.p12 in Resources */ = {isa = PBXBuildFile; fileRef = F40218CC1A1EAA67000B28ED /* pusher.p12 */; };
		F40218CE1A1EAA67000B28ED /* pusher.p12 in Resources */ = {isa = PBXBuildFile; fileRef = F40218CC1A1EAA67000B28ED /* pusher.p12 */; };
		F4177AD419C7C1CB0009667A /* Foundation.framework in Frameworks */ = {isa = PBXBuildFile; fileRef = F4177AD319C7C1CB0009667A /* Foundation.framework */; };
		F4177AD619C7C1CB0009667A /* CoreGraphics.framework in Frameworks */ = {isa = PBXBuildFile; fileRef = F4177AD519C7C1CB0009667A /* CoreGraphics.framework */; };
		F4177AD819C7C1CB0009667A /* UIKit.framework in Frameworks */ = {isa = PBXBuildFile; fileRef = F4177AD719C7C1CB0009667A /* UIKit.framework */; };
		F4177ADE19C7C1CB0009667A /* InfoPlist.strings in Resources */ = {isa = PBXBuildFile; fileRef = F4177ADC19C7C1CB0009667A /* InfoPlist.strings */; };
		F4177AE019C7C1CB0009667A /* main.m in Sources */ = {isa = PBXBuildFile; fileRef = F4177ADF19C7C1CB0009667A /* main.m */; };
		F4177AE419C7C1CB0009667A /* XYZAppDelegate.m in Sources */ = {isa = PBXBuildFile; fileRef = F4177AE319C7C1CB0009667A /* XYZAppDelegate.m */; };
		F4177AE619C7C1CB0009667A /* Images.xcassets in Resources */ = {isa = PBXBuildFile; fileRef = F4177AE519C7C1CB0009667A /* Images.xcassets */; };
		F4177AED19C7C1CB0009667A /* XCTest.framework in Frameworks */ = {isa = PBXBuildFile; fileRef = F4177AEC19C7C1CB0009667A /* XCTest.framework */; };
		F4177AEE19C7C1CB0009667A /* Foundation.framework in Frameworks */ = {isa = PBXBuildFile; fileRef = F4177AD319C7C1CB0009667A /* Foundation.framework */; };
		F4177AEF19C7C1CB0009667A /* UIKit.framework in Frameworks */ = {isa = PBXBuildFile; fileRef = F4177AD719C7C1CB0009667A /* UIKit.framework */; };
		F4177AF719C7C1CB0009667A /* InfoPlist.strings in Resources */ = {isa = PBXBuildFile; fileRef = F4177AF519C7C1CB0009667A /* InfoPlist.strings */; };
		F4177AF919C7C1CB0009667A /* ToDoListTests.m in Sources */ = {isa = PBXBuildFile; fileRef = F4177AF819C7C1CB0009667A /* ToDoListTests.m */; };
		F4177B0319C7C42A0009667A /* Main.storyboard in Resources */ = {isa = PBXBuildFile; fileRef = F4177B0219C7C42A0009667A /* Main.storyboard */; };
		F4177B0619C7D2F50009667A /* XYZAddToDoItemViewController.m in Sources */ = {isa = PBXBuildFile; fileRef = F4177B0519C7D2F50009667A /* XYZAddToDoItemViewController.m */; };
		F4177B0C19C7D3E90009667A /* XYZToDoListTableViewController.m in Sources */ = {isa = PBXBuildFile; fileRef = F4177B0B19C7D3E90009667A /* XYZToDoListTableViewController.m */; };
		F4177B1719C935070009667A /* CoreLocation.framework in Frameworks */ = {isa = PBXBuildFile; fileRef = F4177B1619C935070009667A /* CoreLocation.framework */; };
		F4293EE419FC580B00621685 /* SLContactTableViewCell.m in Sources */ = {isa = PBXBuildFile; fileRef = F4293EE319FC580B00621685 /* SLContactTableViewCell.m */; };
		F4293EE619FC66D300621685 /* MessageUI.framework in Frameworks */ = {isa = PBXBuildFile; fileRef = F4293EE519FC66D300621685 /* MessageUI.framework */; };
		F431FDDF19E1B1DE00D41D18 /* XYZShareListTableViewController.m in Sources */ = {isa = PBXBuildFile; fileRef = F431FDDE19E1B1DE00D41D18 /* XYZShareListTableViewController.m */; };
		F43311B11A071F5F0067F737 /* XYZShareListViewController.m in Sources */ = {isa = PBXBuildFile; fileRef = F43311B01A071F5F0067F737 /* XYZShareListViewController.m */; };
		F44F408C19CDF85A0061E4AB /* XYZListsListTableViewController.m in Sources */ = {isa = PBXBuildFile; fileRef = F44F408B19CDF85A0061E4AB /* XYZListsListTableViewController.m */; };
		F44F408F19CE5BB90061E4AB /* XYZAddListViewController.m in Sources */ = {isa = PBXBuildFile; fileRef = F44F408E19CE5BB90061E4AB /* XYZAddListViewController.m */; };
		F49209A71A31208300891969 /* unchecked.PNG in Resources */ = {isa = PBXBuildFile; fileRef = F49209A51A31208300891969 /* unchecked.PNG */; };
		F49209A81A31208300891969 /* checked.PNG in Resources */ = {isa = PBXBuildFile; fileRef = F49209A61A31208300891969 /* checked.PNG */; };
/* End PBXBuildFile section */

/* Begin PBXContainerItemProxy section */
		F4177AF019C7C1CB0009667A /* PBXContainerItemProxy */ = {
			isa = PBXContainerItemProxy;
			containerPortal = F4177AC819C7C1CB0009667A /* Project object */;
			proxyType = 1;
			remoteGlobalIDString = F4177ACF19C7C1CB0009667A;
			remoteInfo = ToDoList;
		};
/* End PBXContainerItemProxy section */

/* Begin PBXFileReference section */
		3BC0FA12B8621E507C872EA0 /* libPods-ToDoList.a */ = {isa = PBXFileReference; explicitFileType = archive.ar; includeInIndex = 0; path = "libPods-ToDoList.a"; sourceTree = BUILT_PRODUCTS_DIR; };
		3EF9A52179560966A6A29C8E /* libPods-ToDoListTests.a */ = {isa = PBXFileReference; explicitFileType = archive.ar; includeInIndex = 0; path = "libPods-ToDoListTests.a"; sourceTree = BUILT_PRODUCTS_DIR; };
		612B35C6BE4BCFC5CC25C2EF /* Pods-ToDoListTests.debug.xcconfig */ = {isa = PBXFileReference; includeInIndex = 1; lastKnownFileType = text.xcconfig; name = "Pods-ToDoListTests.debug.xcconfig"; path = "Pods/Target Support Files/Pods-ToDoListTests/Pods-ToDoListTests.debug.xcconfig"; sourceTree = "<group>"; };
		627B113C78740E64FB45FE0F /* Pods-ToDoList.debug.xcconfig */ = {isa = PBXFileReference; includeInIndex = 1; lastKnownFileType = text.xcconfig; name = "Pods-ToDoList.debug.xcconfig"; path = "Pods/Target Support Files/Pods-ToDoList/Pods-ToDoList.debug.xcconfig"; sourceTree = "<group>"; };
		A4A8BA0664C15FDC30DC3F79 /* Pods-ToDoList.release.xcconfig */ = {isa = PBXFileReference; includeInIndex = 1; lastKnownFileType = text.xcconfig; name = "Pods-ToDoList.release.xcconfig"; path = "Pods/Target Support Files/Pods-ToDoList/Pods-ToDoList.release.xcconfig"; sourceTree = "<group>"; };
		D5756B9E62371D850C218CF7 /* Pods-ToDoListTests.release.xcconfig */ = {isa = PBXFileReference; includeInIndex = 1; lastKnownFileType = text.xcconfig; name = "Pods-ToDoListTests.release.xcconfig"; path = "Pods/Target Support Files/Pods-ToDoListTests/Pods-ToDoListTests.release.xcconfig"; sourceTree = "<group>"; };
		F40218CC1A1EAA67000B28ED /* pusher.p12 */ = {isa = PBXFileReference; lastKnownFileType = file; path = pusher.p12; sourceTree = "<group>"; };
		F4177AD019C7C1CB0009667A /* ToDoList.app */ = {isa = PBXFileReference; explicitFileType = wrapper.application; includeInIndex = 0; path = ToDoList.app; sourceTree = BUILT_PRODUCTS_DIR; };
		F4177AD319C7C1CB0009667A /* Foundation.framework */ = {isa = PBXFileReference; lastKnownFileType = wrapper.framework; name = Foundation.framework; path = System/Library/Frameworks/Foundation.framework; sourceTree = SDKROOT; };
		F4177AD519C7C1CB0009667A /* CoreGraphics.framework */ = {isa = PBXFileReference; lastKnownFileType = wrapper.framework; name = CoreGraphics.framework; path = System/Library/Frameworks/CoreGraphics.framework; sourceTree = SDKROOT; };
		F4177AD719C7C1CB0009667A /* UIKit.framework */ = {isa = PBXFileReference; lastKnownFileType = wrapper.framework; name = UIKit.framework; path = System/Library/Frameworks/UIKit.framework; sourceTree = SDKROOT; };
		F4177ADB19C7C1CB0009667A /* ToDoList-Info.plist */ = {isa = PBXFileReference; lastKnownFileType = text.plist.xml; path = "ToDoList-Info.plist"; sourceTree = "<group>"; };
		F4177ADD19C7C1CB0009667A /* en */ = {isa = PBXFileReference; lastKnownFileType = text.plist.strings; name = en; path = en.lproj/InfoPlist.strings; sourceTree = "<group>"; };
		F4177ADF19C7C1CB0009667A /* main.m */ = {isa = PBXFileReference; lastKnownFileType = sourcecode.c.objc; path = main.m; sourceTree = "<group>"; };
		F4177AE119C7C1CB0009667A /* ToDoList-Prefix.pch */ = {isa = PBXFileReference; lastKnownFileType = sourcecode.c.h; path = "ToDoList-Prefix.pch"; sourceTree = "<group>"; };
		F4177AE219C7C1CB0009667A /* XYZAppDelegate.h */ = {isa = PBXFileReference; lastKnownFileType = sourcecode.c.h; path = XYZAppDelegate.h; sourceTree = "<group>"; };
		F4177AE319C7C1CB0009667A /* XYZAppDelegate.m */ = {isa = PBXFileReference; lastKnownFileType = sourcecode.c.objc; path = XYZAppDelegate.m; sourceTree = "<group>"; };
		F4177AE519C7C1CB0009667A /* Images.xcassets */ = {isa = PBXFileReference; lastKnownFileType = folder.assetcatalog; path = Images.xcassets; sourceTree = "<group>"; };
		F4177AEB19C7C1CB0009667A /* ToDoListTests.xctest */ = {isa = PBXFileReference; explicitFileType = wrapper.cfbundle; includeInIndex = 0; path = ToDoListTests.xctest; sourceTree = BUILT_PRODUCTS_DIR; };
		F4177AEC19C7C1CB0009667A /* XCTest.framework */ = {isa = PBXFileReference; lastKnownFileType = wrapper.framework; name = XCTest.framework; path = Library/Frameworks/XCTest.framework; sourceTree = DEVELOPER_DIR; };
		F4177AF419C7C1CB0009667A /* ToDoListTests-Info.plist */ = {isa = PBXFileReference; lastKnownFileType = text.plist.xml; path = "ToDoListTests-Info.plist"; sourceTree = "<group>"; };
		F4177AF619C7C1CB0009667A /* en */ = {isa = PBXFileReference; lastKnownFileType = text.plist.strings; name = en; path = en.lproj/InfoPlist.strings; sourceTree = "<group>"; };
		F4177AF819C7C1CB0009667A /* ToDoListTests.m */ = {isa = PBXFileReference; lastKnownFileType = sourcecode.c.objc; path = ToDoListTests.m; sourceTree = "<group>"; };
		F4177B0219C7C42A0009667A /* Main.storyboard */ = {isa = PBXFileReference; fileEncoding = 4; lastKnownFileType = file.storyboard; path = Main.storyboard; sourceTree = "<group>"; };
		F4177B0419C7D2F50009667A /* XYZAddToDoItemViewController.h */ = {isa = PBXFileReference; fileEncoding = 4; lastKnownFileType = sourcecode.c.h; path = XYZAddToDoItemViewController.h; sourceTree = "<group>"; };
		F4177B0519C7D2F50009667A /* XYZAddToDoItemViewController.m */ = {isa = PBXFileReference; fileEncoding = 4; lastKnownFileType = sourcecode.c.objc; path = XYZAddToDoItemViewController.m; sourceTree = "<group>"; };
		F4177B0A19C7D3E90009667A /* XYZToDoListTableViewController.h */ = {isa = PBXFileReference; fileEncoding = 4; lastKnownFileType = sourcecode.c.h; path = XYZToDoListTableViewController.h; sourceTree = "<group>"; };
		F4177B0B19C7D3E90009667A /* XYZToDoListTableViewController.m */ = {isa = PBXFileReference; fileEncoding = 4; lastKnownFileType = sourcecode.c.objc; path = XYZToDoListTableViewController.m; sourceTree = "<group>"; };
		F4177B1619C935070009667A /* CoreLocation.framework */ = {isa = PBXFileReference; lastKnownFileType = wrapper.framework; name = CoreLocation.framework; path = System/Library/Frameworks/CoreLocation.framework; sourceTree = SDKROOT; };
		F4293EE219FC580B00621685 /* SLContactTableViewCell.h */ = {isa = PBXFileReference; fileEncoding = 4; lastKnownFileType = sourcecode.c.h; path = SLContactTableViewCell.h; sourceTree = "<group>"; };
		F4293EE319FC580B00621685 /* SLContactTableViewCell.m */ = {isa = PBXFileReference; fileEncoding = 4; lastKnownFileType = sourcecode.c.objc; path = SLContactTableViewCell.m; sourceTree = "<group>"; };
		F4293EE519FC66D300621685 /* MessageUI.framework */ = {isa = PBXFileReference; lastKnownFileType = wrapper.framework; name = MessageUI.framework; path = System/Library/Frameworks/MessageUI.framework; sourceTree = SDKROOT; };
		F431FDDD19E1B1DE00D41D18 /* XYZShareListTableViewController.h */ = {isa = PBXFileReference; fileEncoding = 4; lastKnownFileType = sourcecode.c.h; name = XYZShareListTableViewController.h; path = ToDoList/XYZShareListTableViewController.h; sourceTree = "<group>"; };
		F431FDDE19E1B1DE00D41D18 /* XYZShareListTableViewController.m */ = {isa = PBXFileReference; fileEncoding = 4; lastKnownFileType = sourcecode.c.objc; name = XYZShareListTableViewController.m; path = ToDoList/XYZShareListTableViewController.m; sourceTree = "<group>"; };
		F43311AF1A071F5F0067F737 /* XYZShareListViewController.h */ = {isa = PBXFileReference; fileEncoding = 4; lastKnownFileType = sourcecode.c.h; path = XYZShareListViewController.h; sourceTree = "<group>"; };
		F43311B01A071F5F0067F737 /* XYZShareListViewController.m */ = {isa = PBXFileReference; fileEncoding = 4; lastKnownFileType = sourcecode.c.objc; path = XYZShareListViewController.m; sourceTree = "<group>"; };
		F44F408A19CDF85A0061E4AB /* XYZListsListTableViewController.h */ = {isa = PBXFileReference; fileEncoding = 4; lastKnownFileType = sourcecode.c.h; path = XYZListsListTableViewController.h; sourceTree = "<group>"; };
		F44F408B19CDF85A0061E4AB /* XYZListsListTableViewController.m */ = {isa = PBXFileReference; fileEncoding = 4; lastKnownFileType = sourcecode.c.objc; path = XYZListsListTableViewController.m; sourceTree = "<group>"; };
		F44F408D19CE5BB90061E4AB /* XYZAddListViewController.h */ = {isa = PBXFileReference; fileEncoding = 4; lastKnownFileType = sourcecode.c.h; name = XYZAddListViewController.h; path = ToDoList/XYZAddListViewController.h; sourceTree = "<group>"; };
		F44F408E19CE5BB90061E4AB /* XYZAddListViewController.m */ = {isa = PBXFileReference; fileEncoding = 4; lastKnownFileType = sourcecode.c.objc; name = XYZAddListViewController.m; path = ToDoList/XYZAddListViewController.m; sourceTree = "<group>"; };
		F49209A51A31208300891969 /* unchecked.PNG */ = {isa = PBXFileReference; lastKnownFileType = image.png; name = unchecked.PNG; path = ToDoList/unchecked.PNG; sourceTree = "<group>"; };
		F49209A61A31208300891969 /* checked.PNG */ = {isa = PBXFileReference; lastKnownFileType = image.png; name = checked.PNG; path = ToDoList/checked.PNG; sourceTree = "<group>"; };
/* End PBXFileReference section */

/* Begin PBXFrameworksBuildPhase section */
		F4177ACD19C7C1CB0009667A /* Frameworks */ = {
			isa = PBXFrameworksBuildPhase;
			buildActionMask = 2147483647;
			files = (
				F4293EE619FC66D300621685 /* MessageUI.framework in Frameworks */,
				F4177B1719C935070009667A /* CoreLocation.framework in Frameworks */,
				F4177AD619C7C1CB0009667A /* CoreGraphics.framework in Frameworks */,
				F4177AD819C7C1CB0009667A /* UIKit.framework in Frameworks */,
				F4177AD419C7C1CB0009667A /* Foundation.framework in Frameworks */,
				84AAF8C3F39D35B1306755AA /* libPods-ToDoList.a in Frameworks */,
			);
			runOnlyForDeploymentPostprocessing = 0;
		};
		F4177AE819C7C1CB0009667A /* Frameworks */ = {
			isa = PBXFrameworksBuildPhase;
			buildActionMask = 2147483647;
			files = (
				F4177AED19C7C1CB0009667A /* XCTest.framework in Frameworks */,
				F4177AEF19C7C1CB0009667A /* UIKit.framework in Frameworks */,
				F4177AEE19C7C1CB0009667A /* Foundation.framework in Frameworks */,
				144777AC2B99C8D99C23E185 /* libPods-ToDoListTests.a in Frameworks */,
			);
			runOnlyForDeploymentPostprocessing = 0;
		};
/* End PBXFrameworksBuildPhase section */

/* Begin PBXGroup section */
		9FC4D33D1AAF111E0316423D /* Pods */ = {
			isa = PBXGroup;
			children = (
				627B113C78740E64FB45FE0F /* Pods-ToDoList.debug.xcconfig */,
				A4A8BA0664C15FDC30DC3F79 /* Pods-ToDoList.release.xcconfig */,
				612B35C6BE4BCFC5CC25C2EF /* Pods-ToDoListTests.debug.xcconfig */,
				D5756B9E62371D850C218CF7 /* Pods-ToDoListTests.release.xcconfig */,
			);
			name = Pods;
			sourceTree = "<group>";
		};
		F4177AC719C7C1CB0009667A = {
			isa = PBXGroup;
			children = (
				F40218CC1A1EAA67000B28ED /* pusher.p12 */,
				F44A3C7F1A1D273200374DA1 /* Todos */,
				F44A3C801A1D274300374DA1 /* Lists */,
				F4177AD919C7C1CB0009667A /* ToDoList */,
				F4177AF219C7C1CB0009667A /* ToDoListTests */,
				F4177AD219C7C1CB0009667A /* Frameworks */,
				F4177AD119C7C1CB0009667A /* Products */,
				9FC4D33D1AAF111E0316423D /* Pods */,
			);
			sourceTree = "<group>";
		};
		F4177AD119C7C1CB0009667A /* Products */ = {
			isa = PBXGroup;
			children = (
				F4177AD019C7C1CB0009667A /* ToDoList.app */,
				F4177AEB19C7C1CB0009667A /* ToDoListTests.xctest */,
			);
			name = Products;
			sourceTree = "<group>";
		};
		F4177AD219C7C1CB0009667A /* Frameworks */ = {
			isa = PBXGroup;
			children = (
				F4293EE519FC66D300621685 /* MessageUI.framework */,
				F4177B1619C935070009667A /* CoreLocation.framework */,
				F4177AD319C7C1CB0009667A /* Foundation.framework */,
				F4177AD519C7C1CB0009667A /* CoreGraphics.framework */,
				F4177AD719C7C1CB0009667A /* UIKit.framework */,
				F4177AEC19C7C1CB0009667A /* XCTest.framework */,
				3BC0FA12B8621E507C872EA0 /* libPods-ToDoList.a */,
				3EF9A52179560966A6A29C8E /* libPods-ToDoListTests.a */,
			);
			name = Frameworks;
			sourceTree = "<group>";
		};
		F4177AD919C7C1CB0009667A /* ToDoList */ = {
			isa = PBXGroup;
			children = (
				F4177AE219C7C1CB0009667A /* XYZAppDelegate.h */,
				F4177AE319C7C1CB0009667A /* XYZAppDelegate.m */,
				F4177B0219C7C42A0009667A /* Main.storyboard */,
				F4177AE519C7C1CB0009667A /* Images.xcassets */,
				F4177ADA19C7C1CB0009667A /* Supporting Files */,
			);
			path = ToDoList;
			sourceTree = "<group>";
		};
		F4177ADA19C7C1CB0009667A /* Supporting Files */ = {
			isa = PBXGroup;
			children = (
				F4177ADB19C7C1CB0009667A /* ToDoList-Info.plist */,
				F4177ADC19C7C1CB0009667A /* InfoPlist.strings */,
				F4177ADF19C7C1CB0009667A /* main.m */,
				F4177AE119C7C1CB0009667A /* ToDoList-Prefix.pch */,
			);
			name = "Supporting Files";
			sourceTree = "<group>";
		};
		F4177AF219C7C1CB0009667A /* ToDoListTests */ = {
			isa = PBXGroup;
			children = (
				F4177AF819C7C1CB0009667A /* ToDoListTests.m */,
				F4177AF319C7C1CB0009667A /* Supporting Files */,
			);
			path = ToDoListTests;
			sourceTree = "<group>";
		};
		F4177AF319C7C1CB0009667A /* Supporting Files */ = {
			isa = PBXGroup;
			children = (
				F4177AF419C7C1CB0009667A /* ToDoListTests-Info.plist */,
				F4177AF519C7C1CB0009667A /* InfoPlist.strings */,
			);
			name = "Supporting Files";
			sourceTree = "<group>";
		};
		F44A3C7F1A1D273200374DA1 /* Todos */ = {
			isa = PBXGroup;
			children = (
				F49209A51A31208300891969 /* unchecked.PNG */,
				F49209A61A31208300891969 /* checked.PNG */,
				F4177B0A19C7D3E90009667A /* XYZToDoListTableViewController.h */,
				F4177B0B19C7D3E90009667A /* XYZToDoListTableViewController.m */,
				F4177B0419C7D2F50009667A /* XYZAddToDoItemViewController.h */,
				F4177B0519C7D2F50009667A /* XYZAddToDoItemViewController.m */,
				F431FDDD19E1B1DE00D41D18 /* XYZShareListTableViewController.h */,
				F431FDDE19E1B1DE00D41D18 /* XYZShareListTableViewController.m */,
				F4293EE219FC580B00621685 /* SLContactTableViewCell.h */,
				F4293EE319FC580B00621685 /* SLContactTableViewCell.m */,
				F43311AF1A071F5F0067F737 /* XYZShareListViewController.h */,
				F43311B01A071F5F0067F737 /* XYZShareListViewController.m */,
			);
			name = Todos;
			sourceTree = "<group>";
		};
		F44A3C801A1D274300374DA1 /* Lists */ = {
			isa = PBXGroup;
			children = (
				F44F408A19CDF85A0061E4AB /* XYZListsListTableViewController.h */,
				F44F408B19CDF85A0061E4AB /* XYZListsListTableViewController.m */,
				F44F408D19CE5BB90061E4AB /* XYZAddListViewController.h */,
				F44F408E19CE5BB90061E4AB /* XYZAddListViewController.m */,
			);
			name = Lists;
			sourceTree = "<group>";
		};
/* End PBXGroup section */

/* Begin PBXNativeTarget section */
		F4177ACF19C7C1CB0009667A /* ToDoList */ = {
			isa = PBXNativeTarget;
			buildConfigurationList = F4177AFC19C7C1CB0009667A /* Build configuration list for PBXNativeTarget "ToDoList" */;
			buildPhases = (
				AC6E99311ED2B23E00627FEE /* [CP] Check Pods Manifest.lock */,
				F4177ACC19C7C1CB0009667A /* Sources */,
				F4177ACD19C7C1CB0009667A /* Frameworks */,
				F4177ACE19C7C1CB0009667A /* Resources */,
				868FA174DB0A3AE5B95092B6 /* [CP] Embed Pods Frameworks */,
				7F2E7546963ABE84C63A8D68 /* [CP] Copy Pods Resources */,
			);
			buildRules = (
			);
			dependencies = (
			);
			name = ToDoList;
			productName = ToDoList;
			productReference = F4177AD019C7C1CB0009667A /* ToDoList.app */;
			productType = "com.apple.product-type.application";
		};
		F4177AEA19C7C1CB0009667A /* ToDoListTests */ = {
			isa = PBXNativeTarget;
			buildConfigurationList = F4177AFF19C7C1CB0009667A /* Build configuration list for PBXNativeTarget "ToDoListTests" */;
			buildPhases = (
				11F6F0FA896D9E41CCCCC29D /* [CP] Check Pods Manifest.lock */,
				F4177AE719C7C1CB0009667A /* Sources */,
				F4177AE819C7C1CB0009667A /* Frameworks */,
				F4177AE919C7C1CB0009667A /* Resources */,
				EC12D6235238F8271A174243 /* [CP] Embed Pods Frameworks */,
				18D0A67CBFC3FA6C9656FE52 /* [CP] Copy Pods Resources */,
			);
			buildRules = (
			);
			dependencies = (
				F4177AF119C7C1CB0009667A /* PBXTargetDependency */,
			);
			name = ToDoListTests;
			productName = ToDoListTests;
			productReference = F4177AEB19C7C1CB0009667A /* ToDoListTests.xctest */;
			productType = "com.apple.product-type.bundle.unit-test";
		};
/* End PBXNativeTarget section */

/* Begin PBXProject section */
		F4177AC819C7C1CB0009667A /* Project object */ = {
			isa = PBXProject;
			attributes = {
				CLASSPREFIX = XYZ;
				LastUpgradeCheck = 0510;
				ORGANIZATIONNAME = "Simon Murtha Smith";
				TargetAttributes = {
					F4177ACF19C7C1CB0009667A = {
						DevelopmentTeam = 4SB5DG3EX9;
					};
					F4177AEA19C7C1CB0009667A = {
						TestTargetID = F4177ACF19C7C1CB0009667A;
					};
				};
			};
			buildConfigurationList = F4177ACB19C7C1CB0009667A /* Build configuration list for PBXProject "ToDoList" */;
			compatibilityVersion = "Xcode 3.2";
			developmentRegion = English;
			hasScannedForEncodings = 0;
			knownRegions = (
				en,
			);
			mainGroup = F4177AC719C7C1CB0009667A;
			productRefGroup = F4177AD119C7C1CB0009667A /* Products */;
			projectDirPath = "";
			projectRoot = "";
			targets = (
				F4177ACF19C7C1CB0009667A /* ToDoList */,
				F4177AEA19C7C1CB0009667A /* ToDoListTests */,
			);
		};
/* End PBXProject section */

/* Begin PBXResourcesBuildPhase section */
		F4177ACE19C7C1CB0009667A /* Resources */ = {
			isa = PBXResourcesBuildPhase;
			buildActionMask = 2147483647;
			files = (
				F4177B0319C7C42A0009667A /* Main.storyboard in Resources */,
				F4177ADE19C7C1CB0009667A /* InfoPlist.strings in Resources */,
				F49209A71A31208300891969 /* unchecked.PNG in Resources */,
				F49209A81A31208300891969 /* checked.PNG in Resources */,
				F40218CD1A1EAA67000B28ED /* pusher.p12 in Resources */,
				F4177AE619C7C1CB0009667A /* Images.xcassets in Resources */,
			);
			runOnlyForDeploymentPostprocessing = 0;
		};
		F4177AE919C7C1CB0009667A /* Resources */ = {
			isa = PBXResourcesBuildPhase;
			buildActionMask = 2147483647;
			files = (
				F40218CE1A1EAA67000B28ED /* pusher.p12 in Resources */,
				F4177AF719C7C1CB0009667A /* InfoPlist.strings in Resources */,
			);
			runOnlyForDeploymentPostprocessing = 0;
		};
/* End PBXResourcesBuildPhase section */

/* Begin PBXShellScriptBuildPhase section */
		11F6F0FA896D9E41CCCCC29D /* [CP] Check Pods Manifest.lock */ = {
			isa = PBXShellScriptBuildPhase;
			buildActionMask = 2147483647;
			files = (
			);
			inputPaths = (
			);
			name = "[CP] Check Pods Manifest.lock";
			outputPaths = (
			);
			runOnlyForDeploymentPostprocessing = 0;
			shellPath = /bin/sh;
			shellScript = "diff \"${PODS_ROOT}/../Podfile.lock\" \"${PODS_ROOT}/Manifest.lock\" > /dev/null\nif [[ $? != 0 ]] ; then\n    cat << EOM\nerror: The sandbox is not in sync with the Podfile.lock. Run 'pod install' or update your CocoaPods installation.\nEOM\n    exit 1\nfi\n";
			showEnvVarsInLog = 0;
		};
		18D0A67CBFC3FA6C9656FE52 /* [CP] Copy Pods Resources */ = {
			isa = PBXShellScriptBuildPhase;
			buildActionMask = 2147483647;
			files = (
			);
			inputPaths = (
			);
			name = "[CP] Copy Pods Resources";
			outputPaths = (
			);
			runOnlyForDeploymentPostprocessing = 0;
			shellPath = /bin/sh;
			shellScript = "\"${SRCROOT}/Pods/Target Support Files/Pods-ToDoListTests/Pods-ToDoListTests-resources.sh\"\n";
			showEnvVarsInLog = 0;
		};
		7F2E7546963ABE84C63A8D68 /* [CP] Copy Pods Resources */ = {
			isa = PBXShellScriptBuildPhase;
			buildActionMask = 2147483647;
			files = (
			);
			inputPaths = (
			);
			name = "[CP] Copy Pods Resources";
			outputPaths = (
			);
			runOnlyForDeploymentPostprocessing = 0;
			shellPath = /bin/sh;
			shellScript = "\"${SRCROOT}/Pods/Target Support Files/Pods-ToDoList/Pods-ToDoList-resources.sh\"\n";
			showEnvVarsInLog = 0;
		};
		868FA174DB0A3AE5B95092B6 /* [CP] Embed Pods Frameworks */ = {
			isa = PBXShellScriptBuildPhase;
			buildActionMask = 2147483647;
			files = (
			);
			inputPaths = (
			);
			name = "[CP] Embed Pods Frameworks";
			outputPaths = (
			);
			runOnlyForDeploymentPostprocessing = 0;
			shellPath = /bin/sh;
			shellScript = "\"${SRCROOT}/Pods/Target Support Files/Pods-ToDoList/Pods-ToDoList-frameworks.sh\"\n";
			showEnvVarsInLog = 0;
		};
		AC6E99311ED2B23E00627FEE /* [CP] Check Pods Manifest.lock */ = {
			isa = PBXShellScriptBuildPhase;
			buildActionMask = 2147483647;
			files = (
			);
			inputPaths = (
			);
			name = "[CP] Check Pods Manifest.lock";
			outputPaths = (
			);
			runOnlyForDeploymentPostprocessing = 0;
			shellPath = /bin/sh;
			shellScript = "diff \"${PODS_ROOT}/../Podfile.lock\" \"${PODS_ROOT}/Manifest.lock\" > /dev/null\nif [[ $? != 0 ]] ; then\n    cat << EOM\nerror: The sandbox is not in sync with the Podfile.lock. Run 'pod install' or update your CocoaPods installation.\nEOM\n    exit 1\nfi\n";
			showEnvVarsInLog = 0;
		};
		EC12D6235238F8271A174243 /* [CP] Embed Pods Frameworks */ = {
			isa = PBXShellScriptBuildPhase;
			buildActionMask = 2147483647;
			files = (
			);
			inputPaths = (
			);
			name = "[CP] Embed Pods Frameworks";
			outputPaths = (
			);
			runOnlyForDeploymentPostprocessing = 0;
			shellPath = /bin/sh;
			shellScript = "\"${SRCROOT}/Pods/Target Support Files/Pods-ToDoListTests/Pods-ToDoListTests-frameworks.sh\"\n";
			showEnvVarsInLog = 0;
		};
/* End PBXShellScriptBuildPhase section */

/* Begin PBXSourcesBuildPhase section */
		F4177ACC19C7C1CB0009667A /* Sources */ = {
			isa = PBXSourcesBuildPhase;
			buildActionMask = 2147483647;
			files = (
				F4177AE419C7C1CB0009667A /* XYZAppDelegate.m in Sources */,
				F44F408C19CDF85A0061E4AB /* XYZListsListTableViewController.m in Sources */,
				F44F408F19CE5BB90061E4AB /* XYZAddListViewController.m in Sources */,
				F4177AE019C7C1CB0009667A /* main.m in Sources */,
				F431FDDF19E1B1DE00D41D18 /* XYZShareListTableViewController.m in Sources */,
				F4293EE419FC580B00621685 /* SLContactTableViewCell.m in Sources */,
				F43311B11A071F5F0067F737 /* XYZShareListViewController.m in Sources */,
				F4177B0C19C7D3E90009667A /* XYZToDoListTableViewController.m in Sources */,
				F4177B0619C7D2F50009667A /* XYZAddToDoItemViewController.m in Sources */,
			);
			runOnlyForDeploymentPostprocessing = 0;
		};
		F4177AE719C7C1CB0009667A /* Sources */ = {
			isa = PBXSourcesBuildPhase;
			buildActionMask = 2147483647;
			files = (
				F4177AF919C7C1CB0009667A /* ToDoListTests.m in Sources */,
			);
			runOnlyForDeploymentPostprocessing = 0;
		};
/* End PBXSourcesBuildPhase section */

/* Begin PBXTargetDependency section */
		F4177AF119C7C1CB0009667A /* PBXTargetDependency */ = {
			isa = PBXTargetDependency;
			target = F4177ACF19C7C1CB0009667A /* ToDoList */;
			targetProxy = F4177AF019C7C1CB0009667A /* PBXContainerItemProxy */;
		};
/* End PBXTargetDependency section */

/* Begin PBXVariantGroup section */
		F4177ADC19C7C1CB0009667A /* InfoPlist.strings */ = {
			isa = PBXVariantGroup;
			children = (
				F4177ADD19C7C1CB0009667A /* en */,
			);
			name = InfoPlist.strings;
			sourceTree = "<group>";
		};
		F4177AF519C7C1CB0009667A /* InfoPlist.strings */ = {
			isa = PBXVariantGroup;
			children = (
				F4177AF619C7C1CB0009667A /* en */,
			);
			name = InfoPlist.strings;
			sourceTree = "<group>";
		};
/* End PBXVariantGroup section */

/* Begin XCBuildConfiguration section */
		F4177AFA19C7C1CB0009667A /* Debug */ = {
			isa = XCBuildConfiguration;
			buildSettings = {
				ALWAYS_SEARCH_USER_PATHS = NO;
				CLANG_CXX_LANGUAGE_STANDARD = "gnu++0x";
				CLANG_CXX_LIBRARY = "libc++";
				CLANG_ENABLE_MODULES = YES;
				CLANG_ENABLE_OBJC_ARC = YES;
				CLANG_WARN_BOOL_CONVERSION = YES;
				CLANG_WARN_CONSTANT_CONVERSION = YES;
				CLANG_WARN_DIRECT_OBJC_ISA_USAGE = YES_ERROR;
				CLANG_WARN_EMPTY_BODY = YES;
				CLANG_WARN_ENUM_CONVERSION = YES;
				CLANG_WARN_INT_CONVERSION = YES;
				CLANG_WARN_OBJC_ROOT_CLASS = YES_ERROR;
				CLANG_WARN__DUPLICATE_METHOD_MATCH = YES;
				"CODE_SIGN_IDENTITY[sdk=iphoneos*]" = "iPhone Developer";
				COPY_PHASE_STRIP = NO;
				GCC_C_LANGUAGE_STANDARD = gnu99;
				GCC_DYNAMIC_NO_PIC = NO;
				GCC_OPTIMIZATION_LEVEL = 0;
				GCC_PREPROCESSOR_DEFINITIONS = (
					"DEBUG=1",
					"$(inherited)",
				);
				GCC_SYMBOLS_PRIVATE_EXTERN = NO;
				GCC_WARN_64_TO_32_BIT_CONVERSION = YES;
				GCC_WARN_ABOUT_RETURN_TYPE = YES_ERROR;
				GCC_WARN_UNDECLARED_SELECTOR = YES;
				GCC_WARN_UNINITIALIZED_AUTOS = YES_AGGRESSIVE;
				GCC_WARN_UNUSED_FUNCTION = YES;
				GCC_WARN_UNUSED_VARIABLE = YES;
				IPHONEOS_DEPLOYMENT_TARGET = 9.2;
				ONLY_ACTIVE_ARCH = YES;
				SDKROOT = iphoneos;
			};
			name = Debug;
		};
		F4177AFB19C7C1CB0009667A /* Release */ = {
			isa = XCBuildConfiguration;
			buildSettings = {
				ALWAYS_SEARCH_USER_PATHS = NO;
				CLANG_CXX_LANGUAGE_STANDARD = "gnu++0x";
				CLANG_CXX_LIBRARY = "libc++";
				CLANG_ENABLE_MODULES = YES;
				CLANG_ENABLE_OBJC_ARC = YES;
				CLANG_WARN_BOOL_CONVERSION = YES;
				CLANG_WARN_CONSTANT_CONVERSION = YES;
				CLANG_WARN_DIRECT_OBJC_ISA_USAGE = YES_ERROR;
				CLANG_WARN_EMPTY_BODY = YES;
				CLANG_WARN_ENUM_CONVERSION = YES;
				CLANG_WARN_INT_CONVERSION = YES;
				CLANG_WARN_OBJC_ROOT_CLASS = YES_ERROR;
				CLANG_WARN__DUPLICATE_METHOD_MATCH = YES;
				"CODE_SIGN_IDENTITY[sdk=iphoneos*]" = "iPhone Developer";
				COPY_PHASE_STRIP = YES;
				ENABLE_NS_ASSERTIONS = NO;
				GCC_C_LANGUAGE_STANDARD = gnu99;
				GCC_WARN_64_TO_32_BIT_CONVERSION = YES;
				GCC_WARN_ABOUT_RETURN_TYPE = YES_ERROR;
				GCC_WARN_UNDECLARED_SELECTOR = YES;
				GCC_WARN_UNINITIALIZED_AUTOS = YES_AGGRESSIVE;
				GCC_WARN_UNUSED_FUNCTION = YES;
				GCC_WARN_UNUSED_VARIABLE = YES;
				IPHONEOS_DEPLOYMENT_TARGET = 9.2;
				SDKROOT = iphoneos;
				VALIDATE_PRODUCT = YES;
			};
			name = Release;
		};
		F4177AFD19C7C1CB0009667A /* Debug */ = {
			isa = XCBuildConfiguration;
			baseConfigurationReference = 627B113C78740E64FB45FE0F /* Pods-ToDoList.debug.xcconfig */;
			buildSettings = {
				ASSETCATALOG_COMPILER_APPICON_NAME = AppIcon;
				ASSETCATALOG_COMPILER_LAUNCHIMAGE_NAME = LaunchImage;
				CODE_SIGN_IDENTITY = "iPhone Developer";
				"CODE_SIGN_IDENTITY[sdk=iphoneos*]" = "iPhone Developer";
				DEVELOPMENT_TEAM = 4SB5DG3EX9;
				GCC_PRECOMPILE_PREFIX_HEADER = YES;
				GCC_PREFIX_HEADER = "ToDoList/ToDoList-Prefix.pch";
				INFOPLIST_FILE = "ToDoList/ToDoList-Info.plist";
				IPHONEOS_DEPLOYMENT_TARGET = 9.3;
				LIBRARY_SEARCH_PATHS = "$(inherited)";
				PRODUCT_BUNDLE_IDENTIFIER = net.smurthas.ToDoList;
				PRODUCT_NAME = "$(TARGET_NAME)";
				PROVISIONING_PROFILE = "";
				WRAPPER_EXTENSION = app;
			};
			name = Debug;
		};
		F4177AFE19C7C1CB0009667A /* Release */ = {
			isa = XCBuildConfiguration;
			baseConfigurationReference = A4A8BA0664C15FDC30DC3F79 /* Pods-ToDoList.release.xcconfig */;
			buildSettings = {
				ASSETCATALOG_COMPILER_APPICON_NAME = AppIcon;
				ASSETCATALOG_COMPILER_LAUNCHIMAGE_NAME = LaunchImage;
				CODE_SIGN_IDENTITY = "iPhone Developer";
				"CODE_SIGN_IDENTITY[sdk=iphoneos*]" = "iPhone Developer";
				DEVELOPMENT_TEAM = 4SB5DG3EX9;
				GCC_PRECOMPILE_PREFIX_HEADER = YES;
				GCC_PREFIX_HEADER = "ToDoList/ToDoList-Prefix.pch";
				INFOPLIST_FILE = "ToDoList/ToDoList-Info.plist";
				IPHONEOS_DEPLOYMENT_TARGET = 9.3;
				LIBRARY_SEARCH_PATHS = "$(inherited)";
				"OTHER_LDFLAGS[arch=*]" = (
					"-ObjC",
					"-l\"Pods-ToDoList-AFNetworking\"",
					"-l\"Pods-ToDoList-APAddressBook\"",
					"-l\"Pods-ToDoList-Lockbox\"",
					"-l\"Pods-ToDoList-NWPusher\"",
					"-l\"Pods-ToDoList-SBJson\"",
					"-l\"Pods-ToDoList-SlabClient\"",
					"-l\"Pods-ToDoList-libsodium-ios\"",
					"-framework",
					"\"AddressBook\"",
					"-framework",
					"\"CoreGraphics\"",
					"-framework",
					"\"MobileCoreServices\"",
					"-framework",
					"\"Security\"",
					"-framework",
					"\"SystemConfiguration\"",
				);
				PRODUCT_BUNDLE_IDENTIFIER = net.smurthas.ToDoList;
				PRODUCT_NAME = "$(TARGET_NAME)";
				PROVISIONING_PROFILE = "";
				WRAPPER_EXTENSION = app;
			};
			name = Release;
		};
		F4177B0019C7C1CB0009667A /* Debug */ = {
			isa = XCBuildConfiguration;
			baseConfigurationReference = 612B35C6BE4BCFC5CC25C2EF /* Pods-ToDoListTests.debug.xcconfig */;
			buildSettings = {
				BUNDLE_LOADER = "$(BUILT_PRODUCTS_DIR)/ToDoList.app/ToDoList";
				FRAMEWORK_SEARCH_PATHS = (
					"$(SDKROOT)/Developer/Library/Frameworks",
					"$(inherited)",
					"$(DEVELOPER_FRAMEWORKS_DIR)",
				);
				GCC_PRECOMPILE_PREFIX_HEADER = YES;
				GCC_PREFIX_HEADER = "ToDoList/ToDoList-Prefix.pch";
				GCC_PREPROCESSOR_DEFINITIONS = (
					"DEBUG=1",
					"$(inherited)",
				);
				INFOPLIST_FILE = "ToDoListTests/ToDoListTests-Info.plist";
				PRODUCT_NAME = "$(TARGET_NAME)";
				TEST_HOST = "$(BUNDLE_LOADER)";
				WRAPPER_EXTENSION = xctest;
			};
			name = Debug;
		};
		F4177B0119C7C1CB0009667A /* Release */ = {
			isa = XCBuildConfiguration;
			baseConfigurationReference = D5756B9E62371D850C218CF7 /* Pods-ToDoListTests.release.xcconfig */;
			buildSettings = {
				BUNDLE_LOADER = "$(BUILT_PRODUCTS_DIR)/ToDoList.app/ToDoList";
				FRAMEWORK_SEARCH_PATHS = (
					"$(SDKROOT)/Developer/Library/Frameworks",
					"$(inherited)",
					"$(DEVELOPER_FRAMEWORKS_DIR)",
				);
				GCC_PRECOMPILE_PREFIX_HEADER = YES;
				GCC_PREFIX_HEADER = "ToDoList/ToDoList-Prefix.pch";
				INFOPLIST_FILE = "ToDoListTests/ToDoListTests-Info.plist";
				PRODUCT_NAME = "$(TARGET_NAME)";
				TEST_HOST = "$(BUNDLE_LOADER)";
				WRAPPER_EXTENSION = xctest;
			};
			name = Release;
		};
/* End XCBuildConfiguration section */

/* Begin XCConfigurationList section */
		F4177ACB19C7C1CB0009667A /* Build configuration list for PBXProject "ToDoList" */ = {
			isa = XCConfigurationList;
			buildConfigurations = (
				F4177AFA19C7C1CB0009667A /* Debug */,
				F4177AFB19C7C1CB0009667A /* Release */,
			);
			defaultConfigurationIsVisible = 0;
			defaultConfigurationName = Release;
		};
		F4177AFC19C7C1CB0009667A /* Build configuration list for PBXNativeTarget "ToDoList" */ = {
			isa = XCConfigurationList;
			buildConfigurations = (
				F4177AFD19C7C1CB0009667A /* Debug */,
				F4177AFE19C7C1CB0009667A /* Release */,
			);
			defaultConfigurationIsVisible = 0;
			defaultConfigurationName = Release;
		};
		F4177AFF19C7C1CB0009667A /* Build configuration list for PBXNativeTarget "ToDoListTests" */ = {
			isa = XCConfigurationList;
			buildConfigurations = (
				F4177B0019C7C1CB0009667A /* Debug */,
				F4177B0119C7C1CB0009667A /* Release */,
			);
			defaultConfigurationIsVisible = 0;
			defaultConfigurationName = Release;
		};
/* End XCConfigurationList section */
	};
	rootObject = F4177AC819C7C1CB0009667A /* Project object */;
}
