PODS:
  - AFNetworking (2.5.0):
    - AFNetworking/NSURLConnection (= 2.5.0)
    - AFNetworking/NSURLSession (= 2.5.0)
    - AFNetworking/Reachability (= 2.5.0)
    - AFNetworking/Security (= 2.5.0)
    - AFNetworking/Serialization (= 2.5.0)
    - AFNetworking/UIKit (= 2.5.0)
  - AFNetworking/NSURLConnection (2.5.0):
    - AFNetworking/Reachability
    - AFNetworking/Security
    - AFNetworking/Serialization
  - AFNetworking/NSURLSession (2.5.0):
    - AFNetworking/Reachability
    - AFNetworking/Security
    - AFNetworking/Serialization
  - AFNetworking/Reachability (2.5.0)
  - AFNetworking/Security (2.5.0)
  - AFNetworking/Serialization (2.5.0)
  - AFNetworking/UIKit (2.5.0):
    - AFNetworking/NSURLConnection
    - AFNetworking/NSURLSession
  - APAddressBook (0.1.4):
    - APAddressBook/Core (= 0.1.4)
  - APAddressBook/Core (0.1.4)
  - libsodium-ios (0.4.5)
  - Lockbox (2.0.0)
  - NWPusher (0.6.0)
  - SBJson (4.0.1)
  - SlabClient (0.0.1):
    - AFNetworking (~> 2.0)
    - libsodium-ios (~> 0.4.5)

DEPENDENCIES:
  - APAddressBook (~> 0.1.4)
  - Lockbox (~> 2.0.0)
  - NWPusher (~> 0.6.0)
  - SBJson (~> 4.0.0)
  - SlabClient (from `../../ios-lib/SlabClient`)

EXTERNAL SOURCES:
  SlabClient:
    :path: ../../ios-lib/SlabClient

SPEC CHECKSUMS:
  AFNetworking: 96ac9bf3eda33582701cb1fcc5b896aa1e20311e
  APAddressBook: 927c6c7ee68b0d345ee04e9e403ba60ab6c273cb
  libsodium-ios: c3fc6b66b8c67315710ae0dc4c95e496b4f18533
  Lockbox: d26a800ac2fc9b7856492e600c23b850a9ccffb0
  NWPusher: 73e438dcc7728269a03dea383f7b968c0479b044
  SBJson: 68f16f446bd6047dc3dd1ec4919a468c2cd7fedd
  SlabClient: 63bddfba593772d317539c15adbf6c4cd9f620cd

PODFILE CHECKSUM: 28fc2527fd435d079878ddb8c4f3cd193a251a72

COCOAPODS: 1.0.1
